
Microsoft Visual Studio Solution File, Format Version 12.00
# Visual Studio 15
VisualStudioVersion = 15.0.27004.2002
MinimumVisualStudioVersion = 10.0.40219.1
Project("{2150E333-8FDC-42A3-9474-1A3956D46DE8}") = "Chaper2", "Chaper2", "{3614C46B-3704-4792-906D-E41F76ACDFD4}"
EndProject
Project("{FAE04EC0-301F-11D3-BF4B-00C04F79EFBC}") = "GenericT", "GenericT\GenericT.csproj", "{C5573719-E244-4307-9FE0-46F74FD13A25}"
EndProject
Project("{2150E333-8FDC-42A3-9474-1A3956D46DE8}") = "Chaper3 - LinQ", "Chaper3 - LinQ", "{4EDFE2BF-3474-4E9D-A9C6-7495ECF82558}"
EndProject
Project("{FAE04EC0-301F-11D3-BF4B-00C04F79EFBC}") = "Delegate", "Delegate\Delegate.csproj", "{B21C94A0-7CBC-4BC6-9D0A-9962865FBAF0}"
EndProject
Project("{FAE04EC0-301F-11D3-BF4B-00C04F79EFBC}") = "SelectMany", "SelectMany\SelectMany.csproj", "{37A23A82-63EE-4CE1-8732-0C167A8584AD}"
EndProject
Project("{FAE04EC0-301F-11D3-BF4B-00C04F79EFBC}") = "ToLookUp", "ToLookUp\ToLookUp.csproj", "{124D1481-DF11-41E9-B7EC-A417CA30D030}"
EndProject
Project("{2150E333-8FDC-42A3-9474-1A3956D46DE8}") = "Async", "Async", "{B2B69B77-EC3A-494D-BA92-97A47D720DEB}"
EndProject
Project("{FAE04EC0-301F-11D3-BF4B-00C04F79EFBC}") = "Mutex", "Mutex\Mutex.csproj", "{EBE026A6-25E6-4B4B-BD53-258856722C09}"
EndProject
Project("{FAE04EC0-301F-11D3-BF4B-00C04F79EFBC}") = "Join", "Join\Join.csproj", "{D2C1C27F-4C3D-45AF-BCE7-9C685DAABF17}"
EndProject
Project("{FAE04EC0-301F-11D3-BF4B-00C04F79EFBC}") = "Aggregate", "Aggregate\Aggregate.csproj", "{9012ED38-E033-4F8E-8475-D23BE29E33D6}"
EndProject
Project("{FAE04EC0-301F-11D3-BF4B-00C04F79EFBC}") = "Expression", "Expression\Expression.csproj", "{EC08D48A-8993-46A6-B6B7-21EF9335DC57}"
EndProject
Project("{FAE04EC0-301F-11D3-BF4B-00C04F79EFBC}") = "Event", "Event\Event.csproj", "{0879E53E-1748-4EB9-B1E7-21F1D250F737}"
EndProject
Project("{2150E333-8FDC-42A3-9474-1A3956D46DE8}") = "Others", "Others", "{E9673B4F-CD5D-4881-9B16-0006213640AB}"
EndProject
Project("{FAE04EC0-301F-11D3-BF4B-00C04F79EFBC}") = "DrawCircle_WinForm", "DrawCircle_WinForm\DrawCircle_WinForm.csproj", "{12FDF63E-DAD4-473D-AF36-C7D715820021}"
EndProject
Global
	GlobalSection(SolutionConfigurationPlatforms) = preSolution
		Debug|Any CPU = Debug|Any CPU
		Release|Any CPU = Release|Any CPU
	EndGlobalSection
	GlobalSection(ProjectConfigurationPlatforms) = postSolution
		{C5573719-E244-4307-9FE0-46F74FD13A25}.Debug|Any CPU.ActiveCfg = Debug|Any CPU
		{C5573719-E244-4307-9FE0-46F74FD13A25}.Debug|Any CPU.Build.0 = Debug|Any CPU
		{C5573719-E244-4307-9FE0-46F74FD13A25}.Release|Any CPU.ActiveCfg = Release|Any CPU
		{C5573719-E244-4307-9FE0-46F74FD13A25}.Release|Any CPU.Build.0 = Release|Any CPU
		{B21C94A0-7CBC-4BC6-9D0A-9962865FBAF0}.Debug|Any CPU.ActiveCfg = Debug|Any CPU
		{B21C94A0-7CBC-4BC6-9D0A-9962865FBAF0}.Debug|Any CPU.Build.0 = Debug|Any CPU
		{B21C94A0-7CBC-4BC6-9D0A-9962865FBAF0}.Release|Any CPU.ActiveCfg = Release|Any CPU
		{B21C94A0-7CBC-4BC6-9D0A-9962865FBAF0}.Release|Any CPU.Build.0 = Release|Any CPU
		{37A23A82-63EE-4CE1-8732-0C167A8584AD}.Debug|Any CPU.ActiveCfg = Debug|Any CPU
		{37A23A82-63EE-4CE1-8732-0C167A8584AD}.Debug|Any CPU.Build.0 = Debug|Any CPU
		{37A23A82-63EE-4CE1-8732-0C167A8584AD}.Release|Any CPU.ActiveCfg = Release|Any CPU
		{37A23A82-63EE-4CE1-8732-0C167A8584AD}.Release|Any CPU.Build.0 = Release|Any CPU
		{124D1481-DF11-41E9-B7EC-A417CA30D030}.Debug|Any CPU.ActiveCfg = Debug|Any CPU
		{124D1481-DF11-41E9-B7EC-A417CA30D030}.Debug|Any CPU.Build.0 = Debug|Any CPU
		{124D1481-DF11-41E9-B7EC-A417CA30D030}.Release|Any CPU.ActiveCfg = Release|Any CPU
		{124D1481-DF11-41E9-B7EC-A417CA30D030}.Release|Any CPU.Build.0 = Release|Any CPU
		{EBE026A6-25E6-4B4B-BD53-258856722C09}.Debug|Any CPU.ActiveCfg = Debug|Any CPU
		{EBE026A6-25E6-4B4B-BD53-258856722C09}.Debug|Any CPU.Build.0 = Debug|Any CPU
		{EBE026A6-25E6-4B4B-BD53-258856722C09}.Release|Any CPU.ActiveCfg = Release|Any CPU
		{EBE026A6-25E6-4B4B-BD53-258856722C09}.Release|Any CPU.Build.0 = Release|Any CPU
		{D2C1C27F-4C3D-45AF-BCE7-9C685DAABF17}.Debug|Any CPU.ActiveCfg = Debug|Any CPU
		{D2C1C27F-4C3D-45AF-BCE7-9C685DAABF17}.Debug|Any CPU.Build.0 = Debug|Any CPU
		{D2C1C27F-4C3D-45AF-BCE7-9C685DAABF17}.Release|Any CPU.ActiveCfg = Release|Any CPU
		{D2C1C27F-4C3D-45AF-BCE7-9C685DAABF17}.Release|Any CPU.Build.0 = Release|Any CPU
		{9012ED38-E033-4F8E-8475-D23BE29E33D6}.Debug|Any CPU.ActiveCfg = Debug|Any CPU
		{9012ED38-E033-4F8E-8475-D23BE29E33D6}.Debug|Any CPU.Build.0 = Debug|Any CPU
		{9012ED38-E033-4F8E-8475-D23BE29E33D6}.Release|Any CPU.ActiveCfg = Release|Any CPU
		{9012ED38-E033-4F8E-8475-D23BE29E33D6}.Release|Any CPU.Build.0 = Release|Any CPU
		{EC08D48A-8993-46A6-B6B7-21EF9335DC57}.Debug|Any CPU.ActiveCfg = Debug|Any CPU
		{EC08D48A-8993-46A6-B6B7-21EF9335DC57}.Debug|Any CPU.Build.0 = Debug|Any CPU
		{EC08D48A-8993-46A6-B6B7-21EF9335DC57}.Release|Any CPU.ActiveCfg = Release|Any CPU
		{EC08D48A-8993-46A6-B6B7-21EF9335DC57}.Release|Any CPU.Build.0 = Release|Any CPU
		{0879E53E-1748-4EB9-B1E7-21F1D250F737}.Debug|Any CPU.ActiveCfg = Debug|Any CPU
		{0879E53E-1748-4EB9-B1E7-21F1D250F737}.Debug|Any CPU.Build.0 = Debug|Any CPU
		{0879E53E-1748-4EB9-B1E7-21F1D250F737}.Release|Any CPU.ActiveCfg = Release|Any CPU
		{0879E53E-1748-4EB9-B1E7-21F1D250F737}.Release|Any CPU.Build.0 = Release|Any CPU
		{12FDF63E-DAD4-473D-AF36-C7D715820021}.Debug|Any CPU.ActiveCfg = Debug|Any CPU
		{12FDF63E-DAD4-473D-AF36-C7D715820021}.Debug|Any CPU.Build.0 = Debug|Any CPU
		{12FDF63E-DAD4-473D-AF36-C7D715820021}.Release|Any CPU.ActiveCfg = Release|Any CPU
		{12FDF63E-DAD4-473D-AF36-C7D715820021}.Release|Any CPU.Build.0 = Release|Any CPU
	EndGlobalSection
	GlobalSection(SolutionProperties) = preSolution
		HideSolutionNode = FALSE
	EndGlobalSection
	GlobalSection(NestedProjects) = preSolution
		{C5573719-E244-4307-9FE0-46F74FD13A25} = {3614C46B-3704-4792-906D-E41F76ACDFD4}
		{B21C94A0-7CBC-4BC6-9D0A-9962865FBAF0} = {3614C46B-3704-4792-906D-E41F76ACDFD4}
		{37A23A82-63EE-4CE1-8732-0C167A8584AD} = {4EDFE2BF-3474-4E9D-A9C6-7495ECF82558}
		{124D1481-DF11-41E9-B7EC-A417CA30D030} = {4EDFE2BF-3474-4E9D-A9C6-7495ECF82558}
		{EBE026A6-25E6-4B4B-BD53-258856722C09} = {B2B69B77-EC3A-494D-BA92-97A47D720DEB}
		{D2C1C27F-4C3D-45AF-BCE7-9C685DAABF17} = {4EDFE2BF-3474-4E9D-A9C6-7495ECF82558}
		{9012ED38-E033-4F8E-8475-D23BE29E33D6} = {4EDFE2BF-3474-4E9D-A9C6-7495ECF82558}
		{EC08D48A-8993-46A6-B6B7-21EF9335DC57} = {4EDFE2BF-3474-4E9D-A9C6-7495ECF82558}
		{0879E53E-1748-4EB9-B1E7-21F1D250F737} = {3614C46B-3704-4792-906D-E41F76ACDFD4}
		{12FDF63E-DAD4-473D-AF36-C7D715820021} = {E9673B4F-CD5D-4881-9B16-0006213640AB}
	EndGlobalSection
	GlobalSection(ExtensibilityGlobals) = postSolution
		SolutionGuid = {1190EFB3-BB65-4553-99A1-F5A1C2B74CC8}
	EndGlobalSection
EndGlobal
