
Microsoft Visual Studio Solution File, Format Version 12.00
# Visual Studio 14
VisualStudioVersion = 14.0.25123.0
MinimumVisualStudioVersion = 10.0.40219.1
Project("{FAE04EC0-301F-11D3-BF4B-00C04F79EFBC}") = "IComprarableSample01", "IComprarableSample01\IComprarableSample01.csproj", "{F516635F-3B13-45DE-A79A-3CAA6CE7AC60}"
EndProject
Project("{FAE04EC0-301F-11D3-BF4B-00C04F79EFBC}") = "IComprarableSample02", "IComprarableSample02\IComprarableSample02.csproj", "{684CC53C-0640-40E3-9E47-07D40B7AF529}"
EndProject
Global
	GlobalSection(SolutionConfigurationPlatforms) = preSolution
		Debug|Any CPU = Debug|Any CPU
		Release|Any CPU = Release|Any CPU
	EndGlobalSection
	GlobalSection(ProjectConfigurationPlatforms) = postSolution
		{F516635F-3B13-45DE-A79A-3CAA6CE7AC60}.Debug|Any CPU.ActiveCfg = Debug|Any CPU
		{F516635F-3B13-45DE-A79A-3CAA6CE7AC60}.Debug|Any CPU.Build.0 = Debug|Any CPU
		{F516635F-3B13-45DE-A79A-3CAA6CE7AC60}.Release|Any CPU.ActiveCfg = Release|Any CPU
		{F516635F-3B13-45DE-A79A-3CAA6CE7AC60}.Release|Any CPU.Build.0 = Release|Any CPU
		{684CC53C-0640-40E3-9E47-07D40B7AF529}.Debug|Any CPU.ActiveCfg = Debug|Any CPU
		{684CC53C-0640-40E3-9E47-07D40B7AF529}.Debug|Any CPU.Build.0 = Debug|Any CPU
		{684CC53C-0640-40E3-9E47-07D40B7AF529}.Release|Any CPU.ActiveCfg = Release|Any CPU
		{684CC53C-0640-40E3-9E47-07D40B7AF529}.Release|Any CPU.Build.0 = Release|Any CPU
	EndGlobalSection
	GlobalSection(SolutionProperties) = preSolution
		HideSolutionNode = FALSE
	EndGlobalSection
EndGlobal
