
Microsoft Visual Studio Solution File, Format Version 12.00
# Visual Studio 14
VisualStudioVersion = 14.0.25123.0
MinimumVisualStudioVersion = 10.0.40219.1
Project("{FAE04EC0-301F-11D3-BF4B-00C04F79EFBC}") = "LambdaSample01", "LambdaSample01\LambdaSample01.csproj", "{86788B6D-F0AB-4A92-88AF-AAB4A612F86E}"
EndProject
Project("{FAE04EC0-301F-11D3-BF4B-00C04F79EFBC}") = "CustomWhereSample", "CustomWhereSample\CustomWhereSample.csproj", "{19E9C2FC-03D5-466A-8915-92CC92041A5E}"
EndProject
Global
	GlobalSection(SolutionConfigurationPlatforms) = preSolution
		Debug|Any CPU = Debug|Any CPU
		Release|Any CPU = Release|Any CPU
	EndGlobalSection
	GlobalSection(ProjectConfigurationPlatforms) = postSolution
		{86788B6D-F0AB-4A92-88AF-AAB4A612F86E}.Debug|Any CPU.ActiveCfg = Debug|Any CPU
		{86788B6D-F0AB-4A92-88AF-AAB4A612F86E}.Debug|Any CPU.Build.0 = Debug|Any CPU
		{86788B6D-F0AB-4A92-88AF-AAB4A612F86E}.Release|Any CPU.ActiveCfg = Release|Any CPU
		{86788B6D-F0AB-4A92-88AF-AAB4A612F86E}.Release|Any CPU.Build.0 = Release|Any CPU
		{19E9C2FC-03D5-466A-8915-92CC92041A5E}.Debug|Any CPU.ActiveCfg = Debug|Any CPU
		{19E9C2FC-03D5-466A-8915-92CC92041A5E}.Debug|Any CPU.Build.0 = Debug|Any CPU
		{19E9C2FC-03D5-466A-8915-92CC92041A5E}.Release|Any CPU.ActiveCfg = Release|Any CPU
		{19E9C2FC-03D5-466A-8915-92CC92041A5E}.Release|Any CPU.Build.0 = Release|Any CPU
	EndGlobalSection
	GlobalSection(SolutionProperties) = preSolution
		HideSolutionNode = FALSE
	EndGlobalSection
EndGlobal
