
Microsoft Visual Studio Solution File, Format Version 12.00
# Visual Studio 14
VisualStudioVersion = 14.0.25123.0
MinimumVisualStudioVersion = 10.0.40219.1
Project("{FAE04EC0-301F-11D3-BF4B-00C04F79EFBC}") = "NewModifierSample01", "NewModifierSample01\NewModifierSample01.csproj", "{0684D010-EBF8-417C-B19D-0C0E93DB0561}"
EndProject
Project("{FAE04EC0-301F-11D3-BF4B-00C04F79EFBC}") = "NewModifierSample02", "NewModifierSample02\NewModifierSample02.csproj", "{F2B7AA97-9F05-49A6-AC44-9659EE9F426B}"
EndProject
Global
	GlobalSection(SolutionConfigurationPlatforms) = preSolution
		Debug|Any CPU = Debug|Any CPU
		Release|Any CPU = Release|Any CPU
	EndGlobalSection
	GlobalSection(ProjectConfigurationPlatforms) = postSolution
		{0684D010-EBF8-417C-B19D-0C0E93DB0561}.Debug|Any CPU.ActiveCfg = Debug|Any CPU
		{0684D010-EBF8-417C-B19D-0C0E93DB0561}.Debug|Any CPU.Build.0 = Debug|Any CPU
		{0684D010-EBF8-417C-B19D-0C0E93DB0561}.Release|Any CPU.ActiveCfg = Release|Any CPU
		{0684D010-EBF8-417C-B19D-0C0E93DB0561}.Release|Any CPU.Build.0 = Release|Any CPU
		{F2B7AA97-9F05-49A6-AC44-9659EE9F426B}.Debug|Any CPU.ActiveCfg = Debug|Any CPU
		{F2B7AA97-9F05-49A6-AC44-9659EE9F426B}.Debug|Any CPU.Build.0 = Debug|Any CPU
		{F2B7AA97-9F05-49A6-AC44-9659EE9F426B}.Release|Any CPU.ActiveCfg = Release|Any CPU
		{F2B7AA97-9F05-49A6-AC44-9659EE9F426B}.Release|Any CPU.Build.0 = Release|Any CPU
	EndGlobalSection
	GlobalSection(SolutionProperties) = preSolution
		HideSolutionNode = FALSE
	EndGlobalSection
EndGlobal
