
Microsoft Visual Studio Solution File, Format Version 12.00
# Visual Studio 14
VisualStudioVersion = 14.0.25123.0
MinimumVisualStudioVersion = 10.0.40219.1
Project("{FAE04EC0-301F-11D3-BF4B-00C04F79EFBC}") = "StructureTrickySample01", "StructureTrickySample01\StructureTrickySample01.csproj", "{9EB5F00B-F7CB-45FB-91AE-0B72A3B77A1F}"
EndProject
Project("{FAE04EC0-301F-11D3-BF4B-00C04F79EFBC}") = "StructureTrickySample02", "StructureTrickySample02\StructureTrickySample02.csproj", "{DB8C8374-2754-45CA-A941-8FAF8D554E0D}"
EndProject
Project("{FAE04EC0-301F-11D3-BF4B-00C04F79EFBC}") = "StructureTrickySample03", "StructureTrickySample03\StructureTrickySample03.csproj", "{0FB2A1ED-16A9-4E31-AC99-A5FF50D88424}"
EndProject
Global
	GlobalSection(SolutionConfigurationPlatforms) = preSolution
		Debug|Any CPU = Debug|Any CPU
		Release|Any CPU = Release|Any CPU
	EndGlobalSection
	GlobalSection(ProjectConfigurationPlatforms) = postSolution
		{9EB5F00B-F7CB-45FB-91AE-0B72A3B77A1F}.Debug|Any CPU.ActiveCfg = Debug|Any CPU
		{9EB5F00B-F7CB-45FB-91AE-0B72A3B77A1F}.Debug|Any CPU.Build.0 = Debug|Any CPU
		{9EB5F00B-F7CB-45FB-91AE-0B72A3B77A1F}.Release|Any CPU.ActiveCfg = Release|Any CPU
		{9EB5F00B-F7CB-45FB-91AE-0B72A3B77A1F}.Release|Any CPU.Build.0 = Release|Any CPU
		{DB8C8374-2754-45CA-A941-8FAF8D554E0D}.Debug|Any CPU.ActiveCfg = Debug|Any CPU
		{DB8C8374-2754-45CA-A941-8FAF8D554E0D}.Debug|Any CPU.Build.0 = Debug|Any CPU
		{DB8C8374-2754-45CA-A941-8FAF8D554E0D}.Release|Any CPU.ActiveCfg = Release|Any CPU
		{DB8C8374-2754-45CA-A941-8FAF8D554E0D}.Release|Any CPU.Build.0 = Release|Any CPU
		{0FB2A1ED-16A9-4E31-AC99-A5FF50D88424}.Debug|Any CPU.ActiveCfg = Debug|Any CPU
		{0FB2A1ED-16A9-4E31-AC99-A5FF50D88424}.Debug|Any CPU.Build.0 = Debug|Any CPU
		{0FB2A1ED-16A9-4E31-AC99-A5FF50D88424}.Release|Any CPU.ActiveCfg = Release|Any CPU
		{0FB2A1ED-16A9-4E31-AC99-A5FF50D88424}.Release|Any CPU.Build.0 = Release|Any CPU
	EndGlobalSection
	GlobalSection(SolutionProperties) = preSolution
		HideSolutionNode = FALSE
	EndGlobalSection
EndGlobal
