
Microsoft Visual Studio Solution File, Format Version 12.00
# Visual Studio 14
VisualStudioVersion = 14.0.25123.0
MinimumVisualStudioVersion = 10.0.40219.1
Project("{FAE04EC0-301F-11D3-BF4B-00C04F79EFBC}") = "AppDomainSample", "AppDomainSample\AppDomainSample.csproj", "{C299E00A-95FA-4079-A6A8-C188D4FFEF19}"
EndProject
Project("{FAE04EC0-301F-11D3-BF4B-00C04F79EFBC}") = "TestLibrary01", "TestLibrary01\TestLibrary01.csproj", "{043938BD-3AFE-4BA8-9D7B-37EC2159AF05}"
EndProject
Project("{FAE04EC0-301F-11D3-BF4B-00C04F79EFBC}") = "TestLibrary02", "TestLibrary02\TestLibrary02.csproj", "{F50CC495-32FA-4E17-A545-F42702ECAC1F}"
EndProject
Global
	GlobalSection(SolutionConfigurationPlatforms) = preSolution
		Debug|Any CPU = Debug|Any CPU
		Release|Any CPU = Release|Any CPU
	EndGlobalSection
	GlobalSection(ProjectConfigurationPlatforms) = postSolution
		{C299E00A-95FA-4079-A6A8-C188D4FFEF19}.Debug|Any CPU.ActiveCfg = Debug|Any CPU
		{C299E00A-95FA-4079-A6A8-C188D4FFEF19}.Debug|Any CPU.Build.0 = Debug|Any CPU
		{C299E00A-95FA-4079-A6A8-C188D4FFEF19}.Release|Any CPU.ActiveCfg = Release|Any CPU
		{C299E00A-95FA-4079-A6A8-C188D4FFEF19}.Release|Any CPU.Build.0 = Release|Any CPU
		{043938BD-3AFE-4BA8-9D7B-37EC2159AF05}.Debug|Any CPU.ActiveCfg = Debug|Any CPU
		{043938BD-3AFE-4BA8-9D7B-37EC2159AF05}.Debug|Any CPU.Build.0 = Debug|Any CPU
		{043938BD-3AFE-4BA8-9D7B-37EC2159AF05}.Release|Any CPU.ActiveCfg = Release|Any CPU
		{043938BD-3AFE-4BA8-9D7B-37EC2159AF05}.Release|Any CPU.Build.0 = Release|Any CPU
		{F50CC495-32FA-4E17-A545-F42702ECAC1F}.Debug|Any CPU.ActiveCfg = Debug|Any CPU
		{F50CC495-32FA-4E17-A545-F42702ECAC1F}.Debug|Any CPU.Build.0 = Debug|Any CPU
		{F50CC495-32FA-4E17-A545-F42702ECAC1F}.Release|Any CPU.ActiveCfg = Release|Any CPU
		{F50CC495-32FA-4E17-A545-F42702ECAC1F}.Release|Any CPU.Build.0 = Release|Any CPU
	EndGlobalSection
	GlobalSection(SolutionProperties) = preSolution
		HideSolutionNode = FALSE
	EndGlobalSection
EndGlobal
